<Solution>
  <Folder Name="/src/">
    <Project Path="src/BlogManagement.Api/BlogManagement.Api.csproj" />
    <Project Path="src/BlogManagement.Application/BlogManagement.Application.csproj" />
    <Project Path="src/BlogManagement.Domain/BlogManagement.Domain.csproj" />
    <Project Path="src/BlogManagement.Infrastructure/BlogManagement.Infrastructure.csproj" />
    <Project Path="src/BlogManagement.Shared/BlogManagement.Shared.csproj" />
  </Folder>
  <Folder Name="/tests/">
    <Project Path="tests/BlogManagement.IntegrationTests/BlogManagement.IntegrationTests.csproj" />
    <Project Path="tests/BlogManagement.UnitTests/BlogManagement.UnitTests.csproj" />
  </Folder>
</Solution>
